// !$*UTF8*$!
{
	archiveVersion = 1;
	classes = {
	};
	objectVersion = 46;
	objects = {

/* Begin PBXBuildFile section */
		9B0280A61EDD546B0065EC4C /* SearchingViewController.swift in Sources */ = {isa = PBXBuildFile; fileRef = 9B0280A51EDD546B0065EC4C /* SearchingViewController.swift */; };
		9B0280A91EDD589E0065EC4C /* KeyPayload.swift in Sources */ = {isa = PBXBuildFile; fileRef = 9B0280A81EDD589E0065EC4C /* KeyPayload.swift */; };
		9B0280AB1EDD58C00065EC4C /* NotificationDesciptor.swift in Sources */ = {isa = PBXBuildFile; fileRef = 9B0280AA1EDD58C00065EC4C /* NotificationDesciptor.swift */; };
		9B0280AD1EDD5A020065EC4C /* SearchingViewModel.swift in Sources */ = {isa = PBXBuildFile; fileRef = 9B0280AC1EDD5A020065EC4C /* SearchingViewModel.swift */; };
		9B2F9ED01EDD03A800501DCE /* AppDelegate.swift in Sources */ = {isa = PBXBuildFile; fileRef = 9B2F9ECF1EDD03A800501DCE /* AppDelegate.swift */; };
		9B2F9ED71EDD03A800501DCE /* Assets.xcassets in Resources */ = {isa = PBXBuildFile; fileRef = 9B2F9ED61EDD03A800501DCE /* Assets.xcassets */; };
		9B2F9EDA1EDD03A800501DCE /* LaunchScreen.storyboard in Resources */ = {isa = PBXBuildFile; fileRef = 9B2F9ED81EDD03A800501DCE /* LaunchScreen.storyboard */; };
		9B2F9EE21EDD03EA00501DCE /* ImageListViewController.swift in Sources */ = {isa = PBXBuildFile; fileRef = 9B2F9EE11EDD03EA00501DCE /* ImageListViewController.swift */; };
		9B2F9EE51EDD069500501DCE /* ImageListViewModel.swift in Sources */ = {isa = PBXBuildFile; fileRef = 9B2F9EE41EDD069500501DCE /* ImageListViewModel.swift */; };
		9B2F9EE71EDD06C200501DCE /* ImageCell.swift in Sources */ = {isa = PBXBuildFile; fileRef = 9B2F9EE61EDD06C200501DCE /* ImageCell.swift */; };
		9B2F9EE91EDD070B00501DCE /* State.swift in Sources */ = {isa = PBXBuildFile; fileRef = 9B2F9EE81EDD070B00501DCE /* State.swift */; };
		9B2F9EEC1EDD0B3A00501DCE /* WebService.swift in Sources */ = {isa = PBXBuildFile; fileRef = 9B2F9EEB1EDD0B3A00501DCE /* WebService.swift */; };
		9B2F9EEE1EDD0C6D00501DCE /* FlickrPhoto.swift in Sources */ = {isa = PBXBuildFile; fileRef = 9B2F9EED1EDD0C6D00501DCE /* FlickrPhoto.swift */; };
		9B2F9EF01EDD119C00501DCE /* UIAlertController+Helpers.swift in Sources */ = {isa = PBXBuildFile; fileRef = 9B2F9EEF1EDD119C00501DCE /* UIAlertController+Helpers.swift */; };
		9B2F9EF21EDD19FC00501DCE /* LoadingView.swift in Sources */ = {isa = PBXBuildFile; fileRef = 9B2F9EF11EDD19FC00501DCE /* LoadingView.swift */; };
		9B2F9EF41EDD1E2A00501DCE /* ImageProvider.swift in Sources */ = {isa = PBXBuildFile; fileRef = 9B2F9EF31EDD1E2A00501DCE /* ImageProvider.swift */; };
/* End PBXBuildFile section */

/* Begin PBXFileReference section */
		9B0280A51EDD546B0065EC4C /* SearchingViewController.swift */ = {isa = PBXFileReference; fileEncoding = 4; lastKnownFileType = sourcecode.swift; name = SearchingViewController.swift; path = Searching/SearchingViewController.swift; sourceTree = "<group>"; };
		9B0280A81EDD589E0065EC4C /* KeyPayload.swift */ = {isa = PBXFileReference; fileEncoding = 4; lastKnownFileType = sourcecode.swift; name = KeyPayload.swift; path = Common/KeyPayload.swift; sourceTree = "<group>"; };
		9B0280AA1EDD58C00065EC4C /* NotificationDesciptor.swift */ = {isa = PBXFileReference; fileEncoding = 4; lastKnownFileType = sourcecode.swift; name = NotificationDesciptor.swift; path = Common/NotificationDesciptor.swift; sourceTree = "<group>"; };
		9B0280AC1EDD5A020065EC4C /* SearchingViewModel.swift */ = {isa = PBXFileReference; fileEncoding = 4; lastKnownFileType = sourcecode.swift; name = SearchingViewModel.swift; path = Searching/SearchingViewModel.swift; sourceTree = "<group>"; };
		9B2F9ECC1EDD03A800501DCE /* FlickrShowcase.app */ = {isa = PBXFileReference; explicitFileType = wrapper.application; includeInIndex = 0; path = FlickrShowcase.app; sourceTree = BUILT_PRODUCTS_DIR; };
		9B2F9ECF1EDD03A800501DCE /* AppDelegate.swift */ = {isa = PBXFileReference; lastKnownFileType = sourcecode.swift; path = AppDelegate.swift; sourceTree = "<group>"; };
		9B2F9ED61EDD03A800501DCE /* Assets.xcassets */ = {isa = PBXFileReference; lastKnownFileType = folder.assetcatalog; path = Assets.xcassets; sourceTree = "<group>"; };
		9B2F9ED91EDD03A800501DCE /* Base */ = {isa = PBXFileReference; lastKnownFileType = file.storyboard; name = Base; path = Base.lproj/LaunchScreen.storyboard; sourceTree = "<group>"; };
		9B2F9EDB1EDD03A800501DCE /* Info.plist */ = {isa = PBXFileReference; lastKnownFileType = text.plist.xml; path = Info.plist; sourceTree = "<group>"; };
		9B2F9EE11EDD03EA00501DCE /* ImageListViewController.swift */ = {isa = PBXFileReference; fileEncoding = 4; lastKnownFileType = sourcecode.swift; name = ImageListViewController.swift; path = ImageList/ImageListViewController.swift; sourceTree = "<group>"; };
		9B2F9EE41EDD069500501DCE /* ImageListViewModel.swift */ = {isa = PBXFileReference; fileEncoding = 4; lastKnownFileType = sourcecode.swift; name = ImageListViewModel.swift; path = ImageList/ImageListViewModel.swift; sourceTree = "<group>"; };
		9B2F9EE61EDD06C200501DCE /* ImageCell.swift */ = {isa = PBXFileReference; fileEncoding = 4; lastKnownFileType = sourcecode.swift; name = ImageCell.swift; path = ImageList/ImageCell.swift; sourceTree = "<group>"; };
		9B2F9EE81EDD070B00501DCE /* State.swift */ = {isa = PBXFileReference; fileEncoding = 4; lastKnownFileType = sourcecode.swift; name = State.swift; path = Common/State.swift; sourceTree = "<group>"; };
		9B2F9EEB1EDD0B3A00501DCE /* WebService.swift */ = {isa = PBXFileReference; fileEncoding = 4; lastKnownFileType = sourcecode.swift; name = WebService.swift; path = Common/WebService.swift; sourceTree = "<group>"; };
		9B2F9EED1EDD0C6D00501DCE /* FlickrPhoto.swift */ = {isa = PBXFileReference; fileEncoding = 4; lastKnownFileType = sourcecode.swift; name = FlickrPhoto.swift; path = Common/FlickrPhoto.swift; sourceTree = "<group>"; };
		9B2F9EEF1EDD119C00501DCE /* UIAlertController+Helpers.swift */ = {isa = PBXFileReference; fileEncoding = 4; lastKnownFileType = sourcecode.swift; name = "UIAlertController+Helpers.swift"; path = "Common/UIAlertController+Helpers.swift"; sourceTree = "<group>"; };
		9B2F9EF11EDD19FC00501DCE /* LoadingView.swift */ = {isa = PBXFileReference; fileEncoding = 4; lastKnownFileType = sourcecode.swift; name = LoadingView.swift; path = Common/LoadingView.swift; sourceTree = "<group>"; };
		9B2F9EF31EDD1E2A00501DCE /* ImageProvider.swift */ = {isa = PBXFileReference; fileEncoding = 4; lastKnownFileType = sourcecode.swift; name = ImageProvider.swift; path = Common/ImageProvider.swift; sourceTree = "<group>"; };
/* End PBXFileReference section */

/* Begin PBXFrameworksBuildPhase section */
		9B2F9EC91EDD03A800501DCE /* Frameworks */ = {
			isa = PBXFrameworksBuildPhase;
			buildActionMask = 2147483647;
			files = (
			);
			runOnlyForDeploymentPostprocessing = 0;
		};
/* End PBXFrameworksBuildPhase section */

/* Begin PBXGroup section */
		9B0280A71EDD546F0065EC4C /* Searching */ = {
			isa = PBXGroup;
			children = (
				9B0280A51EDD546B0065EC4C /* SearchingViewController.swift */,
				9B0280AC1EDD5A020065EC4C /* SearchingViewModel.swift */,
			);
			name = Searching;
			sourceTree = "<group>";
		};
		9B2F9EC31EDD03A800501DCE = {
			isa = PBXGroup;
			children = (
				9B2F9ECE1EDD03A800501DCE /* FlickrShowcase */,
				9B2F9ECD1EDD03A800501DCE /* Products */,
			);
			sourceTree = "<group>";
		};
		9B2F9ECD1EDD03A800501DCE /* Products */ = {
			isa = PBXGroup;
			children = (
				9B2F9ECC1EDD03A800501DCE /* FlickrShowcase.app */,
			);
			name = Products;
			sourceTree = "<group>";
		};
		9B2F9ECE1EDD03A800501DCE /* FlickrShowcase */ = {
			isa = PBXGroup;
			children = (
				9B2F9EEA1EDD070E00501DCE /* Common */,
				9B2F9EE31EDD03EE00501DCE /* ImageList */,
				9B0280A71EDD546F0065EC4C /* Searching */,
				9B2F9ECF1EDD03A800501DCE /* AppDelegate.swift */,
				9B2F9ED61EDD03A800501DCE /* Assets.xcassets */,
				9B2F9ED81EDD03A800501DCE /* LaunchScreen.storyboard */,
				9B2F9EDB1EDD03A800501DCE /* Info.plist */,
			);
			path = FlickrShowcase;
			sourceTree = "<group>";
		};
		9B2F9EE31EDD03EE00501DCE /* ImageList */ = {
			isa = PBXGroup;
			children = (
				9B2F9EE61EDD06C200501DCE /* ImageCell.swift */,
				9B2F9EE11EDD03EA00501DCE /* ImageListViewController.swift */,
				9B2F9EE41EDD069500501DCE /* ImageListViewModel.swift */,
			);
			name = ImageList;
			sourceTree = "<group>";
		};
		9B2F9EEA1EDD070E00501DCE /* Common */ = {
			isa = PBXGroup;
			children = (
				9B2F9EED1EDD0C6D00501DCE /* FlickrPhoto.swift */,
				9B2F9EF31EDD1E2A00501DCE /* ImageProvider.swift */,
				9B0280A81EDD589E0065EC4C /* KeyPayload.swift */,
				9B2F9EF11EDD19FC00501DCE /* LoadingView.swift */,
				9B0280AA1EDD58C00065EC4C /* NotificationDesciptor.swift */,
				9B2F9EE81EDD070B00501DCE /* State.swift */,
				9B2F9EEB1EDD0B3A00501DCE /* WebService.swift */,
				9B2F9EEF1EDD119C00501DCE /* UIAlertController+Helpers.swift */,
			);
			name = Common;
			sourceTree = "<group>";
		};
/* End PBXGroup section */

/* Begin PBXNativeTarget section */
		9B2F9ECB1EDD03A800501DCE /* FlickrShowcase */ = {
			isa = PBXNativeTarget;
			buildConfigurationList = 9B2F9EDE1EDD03A800501DCE /* Build configuration list for PBXNativeTarget "FlickrShowcase" */;
			buildPhases = (
				9B2F9EC81EDD03A800501DCE /* Sources */,
				9B2F9EC91EDD03A800501DCE /* Frameworks */,
				9B2F9ECA1EDD03A800501DCE /* Resources */,
			);
			buildRules = (
			);
			dependencies = (
			);
			name = FlickrShowcase;
			productName = FlickrShowcase;
			productReference = 9B2F9ECC1EDD03A800501DCE /* FlickrShowcase.app */;
			productType = "com.apple.product-type.application";
		};
/* End PBXNativeTarget section */

/* Begin PBXProject section */
		9B2F9EC41EDD03A800501DCE /* Project object */ = {
			isa = PBXProject;
			attributes = {
				LastSwiftUpdateCheck = 0830;
				LastUpgradeCheck = 0830;
				ORGANIZATIONNAME = "ShengHua Wu";
				TargetAttributes = {
					9B2F9ECB1EDD03A800501DCE = {
						CreatedOnToolsVersion = 8.3.2;
						ProvisioningStyle = Automatic;
					};
				};
			};
			buildConfigurationList = 9B2F9EC71EDD03A800501DCE /* Build configuration list for PBXProject "FlickrShowcase" */;
			compatibilityVersion = "Xcode 3.2";
			developmentRegion = English;
			hasScannedForEncodings = 0;
			knownRegions = (
				en,
				Base,
			);
			mainGroup = 9B2F9EC31EDD03A800501DCE;
			productRefGroup = 9B2F9ECD1EDD03A800501DCE /* Products */;
			projectDirPath = "";
			projectRoot = "";
			targets = (
				9B2F9ECB1EDD03A800501DCE /* FlickrShowcase */,
			);
		};
/* End PBXProject section */

/* Begin PBXResourcesBuildPhase section */
		9B2F9ECA1EDD03A800501DCE /* Resources */ = {
			isa = PBXResourcesBuildPhase;
			buildActionMask = 2147483647;
			files = (
				9B2F9EDA1EDD03A800501DCE /* LaunchScreen.storyboard in Resources */,
				9B2F9ED71EDD03A800501DCE /* Assets.xcassets in Resources */,
			);
			runOnlyForDeploymentPostprocessing = 0;
		};
/* End PBXResourcesBuildPhase section */

/* Begin PBXSourcesBuildPhase section */
		9B2F9EC81EDD03A800501DCE /* Sources */ = {
			isa = PBXSourcesBuildPhase;
			buildActionMask = 2147483647;
			files = (
				9B2F9EF41EDD1E2A00501DCE /* ImageProvider.swift in Sources */,
				9B2F9EEC1EDD0B3A00501DCE /* WebService.swift in Sources */,
				9B2F9EE51EDD069500501DCE /* ImageListViewModel.swift in Sources */,
				9B0280A61EDD546B0065EC4C /* SearchingViewController.swift in Sources */,
				9B2F9EF01EDD119C00501DCE /* UIAlertController+Helpers.swift in Sources */,
				9B2F9EE71EDD06C200501DCE /* ImageCell.swift in Sources */,
				9B2F9EE21EDD03EA00501DCE /* ImageListViewController.swift in Sources */,
				9B2F9EF21EDD19FC00501DCE /* LoadingView.swift in Sources */,
				9B0280AB1EDD58C00065EC4C /* NotificationDesciptor.swift in Sources */,
				9B2F9EEE1EDD0C6D00501DCE /* FlickrPhoto.swift in Sources */,
				9B2F9EE91EDD070B00501DCE /* State.swift in Sources */,
				9B0280AD1EDD5A020065EC4C /* SearchingViewModel.swift in Sources */,
				9B0280A91EDD589E0065EC4C /* KeyPayload.swift in Sources */,
				9B2F9ED01EDD03A800501DCE /* AppDelegate.swift in Sources */,
			);
			runOnlyForDeploymentPostprocessing = 0;
		};
/* End PBXSourcesBuildPhase section */

/* Begin PBXVariantGroup section */
		9B2F9ED81EDD03A800501DCE /* LaunchScreen.storyboard */ = {
			isa = PBXVariantGroup;
			children = (
				9B2F9ED91EDD03A800501DCE /* Base */,
			);
			name = LaunchScreen.storyboard;
			sourceTree = "<group>";
		};
/* End PBXVariantGroup section */

/* Begin XCBuildConfiguration section */
		9B2F9EDC1EDD03A800501DCE /* Debug */ = {
			isa = XCBuildConfiguration;
			buildSettings = {
				ALWAYS_SEARCH_USER_PATHS = NO;
				CLANG_ANALYZER_NONNULL = YES;
				CLANG_ANALYZER_NUMBER_OBJECT_CONVERSION = YES_AGGRESSIVE;
				CLANG_CXX_LANGUAGE_STANDARD = "gnu++0x";
				CLANG_CXX_LIBRARY = "libc++";
				CLANG_ENABLE_MODULES = YES;
				CLANG_ENABLE_OBJC_ARC = YES;
				CLANG_WARN_BOOL_CONVERSION = YES;
				CLANG_WARN_CONSTANT_CONVERSION = YES;
				CLANG_WARN_DIRECT_OBJC_ISA_USAGE = YES_ERROR;
				CLANG_WARN_DOCUMENTATION_COMMENTS = YES;
				CLANG_WARN_EMPTY_BODY = YES;
				CLANG_WARN_ENUM_CONVERSION = YES;
				CLANG_WARN_INFINITE_RECURSION = YES;
				CLANG_WARN_INT_CONVERSION = YES;
				CLANG_WARN_OBJC_ROOT_CLASS = YES_ERROR;
				CLANG_WARN_SUSPICIOUS_MOVE = YES;
				CLANG_WARN_UNREACHABLE_CODE = YES;
				CLANG_WARN__DUPLICATE_METHOD_MATCH = YES;
				"CODE_SIGN_IDENTITY[sdk=iphoneos*]" = "iPhone Developer";
				COPY_PHASE_STRIP = NO;
				DEBUG_INFORMATION_FORMAT = dwarf;
				ENABLE_STRICT_OBJC_MSGSEND = YES;
				ENABLE_TESTABILITY = YES;
				GCC_C_LANGUAGE_STANDARD = gnu99;
				GCC_DYNAMIC_NO_PIC = NO;
				GCC_NO_COMMON_BLOCKS = YES;
				GCC_OPTIMIZATION_LEVEL = 0;
				GCC_PREPROCESSOR_DEFINITIONS = (
					"DEBUG=1",
					"$(inherited)",
				);
				GCC_WARN_64_TO_32_BIT_CONVERSION = YES;
				GCC_WARN_ABOUT_RETURN_TYPE = YES_ERROR;
				GCC_WARN_UNDECLARED_SELECTOR = YES;
				GCC_WARN_UNINITIALIZED_AUTOS = YES_AGGRESSIVE;
				GCC_WARN_UNUSED_FUNCTION = YES;
				GCC_WARN_UNUSED_VARIABLE = YES;
				IPHONEOS_DEPLOYMENT_TARGET = 10.3;
				MTL_ENABLE_DEBUG_INFO = YES;
				ONLY_ACTIVE_ARCH = YES;
				SDKROOT = iphoneos;
				SWIFT_ACTIVE_COMPILATION_CONDITIONS = DEBUG;
				SWIFT_OPTIMIZATION_LEVEL = "-Onone";
			};
			name = Debug;
		};
		9B2F9EDD1EDD03A800501DCE /* Release */ = {
			isa = XCBuildConfiguration;
			buildSettings = {
				ALWAYS_SEARCH_USER_PATHS = NO;
				CLANG_ANALYZER_NONNULL = YES;
				CLANG_ANALYZER_NUMBER_OBJECT_CONVERSION = YES_AGGRESSIVE;
				CLANG_CXX_LANGUAGE_STANDARD = "gnu++0x";
				CLANG_CXX_LIBRARY = "libc++";
				CLANG_ENABLE_MODULES = YES;
				CLANG_ENABLE_OBJC_ARC = YES;
				CLANG_WARN_BOOL_CONVERSION = YES;
				CLANG_WARN_CONSTANT_CONVERSION = YES;
				CLANG_WARN_DIRECT_OBJC_ISA_USAGE = YES_ERROR;
				CLANG_WARN_DOCUMENTATION_COMMENTS = YES;
				CLANG_WARN_EMPTY_BODY = YES;
				CLANG_WARN_ENUM_CONVERSION = YES;
				CLANG_WARN_INFINITE_RECURSION = YES;
				CLANG_WARN_INT_CONVERSION = YES;
				CLANG_WARN_OBJC_ROOT_CLASS = YES_ERROR;
				CLANG_WARN_SUSPICIOUS_MOVE = YES;
				CLANG_WARN_UNREACHABLE_CODE = YES;
				CLANG_WARN__DUPLICATE_METHOD_MATCH = YES;
				"CODE_SIGN_IDENTITY[sdk=iphoneos*]" = "iPhone Developer";
				COPY_PHASE_STRIP = NO;
				DEBUG_INFORMATION_FORMAT = "dwarf-with-dsym";
				ENABLE_NS_ASSERTIONS = NO;
				ENABLE_STRICT_OBJC_MSGSEND = YES;
				GCC_C_LANGUAGE_STANDARD = gnu99;
				GCC_NO_COMMON_BLOCKS = YES;
				GCC_WARN_64_TO_32_BIT_CONVERSION = YES;
				GCC_WARN_ABOUT_RETURN_TYPE = YES_ERROR;
				GCC_WARN_UNDECLARED_SELECTOR = YES;
				GCC_WARN_UNINITIALIZED_AUTOS = YES_AGGRESSIVE;
				GCC_WARN_UNUSED_FUNCTION = YES;
				GCC_WARN_UNUSED_VARIABLE = YES;
				IPHONEOS_DEPLOYMENT_TARGET = 10.3;
				MTL_ENABLE_DEBUG_INFO = NO;
				SDKROOT = iphoneos;
				SWIFT_OPTIMIZATION_LEVEL = "-Owholemodule";
				VALIDATE_PRODUCT = YES;
			};
			name = Release;
		};
		9B2F9EDF1EDD03A800501DCE /* Debug */ = {
			isa = XCBuildConfiguration;
			buildSettings = {
				ASSETCATALOG_COMPILER_APPICON_NAME = AppIcon;
				INFOPLIST_FILE = FlickrShowcase/Info.plist;
				LD_RUNPATH_SEARCH_PATHS = "$(inherited) @executable_path/Frameworks";
				PRODUCT_BUNDLE_IDENTIFIER = com.shenghuawu.FlickrShowcase;
				PRODUCT_NAME = "$(TARGET_NAME)";
				SWIFT_VERSION = 3.0;
			};
			name = Debug;
		};
		9B2F9EE01EDD03A800501DCE /* Release */ = {
			isa = XCBuildConfiguration;
			buildSettings = {
				ASSETCATALOG_COMPILER_APPICON_NAME = AppIcon;
				INFOPLIST_FILE = FlickrShowcase/Info.plist;
				LD_RUNPATH_SEARCH_PATHS = "$(inherited) @executable_path/Frameworks";
				PRODUCT_BUNDLE_IDENTIFIER = com.shenghuawu.FlickrShowcase;
				PRODUCT_NAME = "$(TARGET_NAME)";
				SWIFT_VERSION = 3.0;
			};
			name = Release;
		};
/* End XCBuildConfiguration section */

/* Begin XCConfigurationList section */
		9B2F9EC71EDD03A800501DCE /* Build configuration list for PBXProject "FlickrShowcase" */ = {
			isa = XCConfigurationList;
			buildConfigurations = (
				9B2F9EDC1EDD03A800501DCE /* Debug */,
				9B2F9EDD1EDD03A800501DCE /* Release */,
			);
			defaultConfigurationIsVisible = 0;
			defaultConfigurationName = Release;
		};
		9B2F9EDE1EDD03A800501DCE /* Build configuration list for PBXNativeTarget "FlickrShowcase" */ = {
			isa = XCConfigurationList;
			buildConfigurations = (
				9B2F9EDF1EDD03A800501DCE /* Debug */,
				9B2F9EE01EDD03A800501DCE /* Release */,
			);
			defaultConfigurationIsVisible = 0;
			defaultConfigurationName = Release;
		};
/* End XCConfigurationList section */
	};
	rootObject = 9B2F9EC41EDD03A800501DCE /* Project object */;
}
